# This file was autogenerated by Stack.
# You should not edit this file by hand.
# For more information, please see the documentation at:
#   https://docs.haskellstack.org/en/stable/lock_files

packages:
- completed:
    hackage: thrift-0.12.0@sha256:1f97fad315d100b1dcc838e9b553d87634952f189804d1d5f23802cd123c21bd,2733
    pantry-tree:
      size: 1358
      sha256: efdc50637ec82ba927e215b0061d80338ea4da50d7bf46bfef76d2824a66d456
  original:
    hackage: thrift-0.12.0@sha256:1f97fad315d100b1dcc838e9b553d87634952f189804d1d5f23802cd123c21bd,2733
- completed:
    hackage: timers-0.2.0.3@sha256:ec91266e5ed73e958857fd07332ed547ea01205133769fba51cc40577549ffe9,1168
    pantry-tree:
      size: 424
      sha256: 6709021bf3b2a194ed4b7ad706092463e990b619bf52d60a1e7af22af98d3c4b
  original:
    hackage: timers-0.2.0.3@sha256:ec91266e5ed73e958857fd07332ed547ea01205133769fba51cc40577549ffe9,1168
- completed:
    hackage: suspend-0.2.0.0@sha256:0d98526558b773c3ff792664bc45d7a083a32eedb6206d4101a7570869c75a28,1115
    pantry-tree:
      size: 424
      sha256: 70600cf9fc141612dcfb21573c4ccbec59922fb218b384ed380458cf6b0c67e6
  original:
    hackage: suspend-0.2.0.0@sha256:0d98526558b773c3ff792664bc45d7a083a32eedb6206d4101a7570869c75a28,1115
snapshots:
- completed:
    size: 500539
    url: https://raw.githubusercontent.com/commercialhaskell/stackage-snapshots/master/lts/13/30.yaml
    sha256: 59ad6b944c9903847fecdc1d4815e8500c1f9999d80fd1b4d2d66e408faec44b
  original: lts-13.30
